
Microsoft Visual Studio Solution File, Format Version 12.00
# Visual Studio Version 16
VisualStudioVersion = 16.0.30413.136
MinimumVisualStudioVersion = 10.0.40219.1
Project("{FAE04EC0-301F-11D3-BF4B-00C04F79EFBC}") = "ProyOdontologico", "ProyOdontologico\ProyOdontologico.csproj", "{7964BF54-293C-4BE7-9C07-57966B3BACC4}"
EndProject
Global
	GlobalSection(SolutionConfigurationPlatforms) = preSolution
		Debug|Any CPU = Debug|Any CPU
		Release|Any CPU = Release|Any CPU
	EndGlobalSection
	GlobalSection(ProjectConfigurationPlatforms) = postSolution
		{7964BF54-293C-4BE7-9C07-57966B3BACC4}.Debug|Any CPU.ActiveCfg = Debug|Any CPU
		{7964BF54-293C-4BE7-9C07-57966B3BACC4}.Debug|Any CPU.Build.0 = Debug|Any CPU
		{7964BF54-293C-4BE7-9C07-57966B3BACC4}.Release|Any CPU.ActiveCfg = Release|Any CPU
		{7964BF54-293C-4BE7-9C07-57966B3BACC4}.Release|Any CPU.Build.0 = Release|Any CPU
	EndGlobalSection
	GlobalSection(SolutionProperties) = preSolution
		HideSolutionNode = FALSE
	EndGlobalSection
	GlobalSection(ExtensibilityGlobals) = postSolution
		SolutionGuid = {F5B56F55-D31E-435F-9D5C-835D916CD347}
	EndGlobalSection
EndGlobal
